
Microsoft Visual Studio Solution File, Format Version 12.00
# Visual Studio Version 16
VisualStudioVersion = 16.6.30114.105
MinimumVisualStudioVersion = 10.0.40219.1
Project("{FAE04EC0-301F-11D3-BF4B-00C04F79EFBC}") = "dotnet-code-challenge.App", "Dotnet-code-challenge.App\dotnet-code-challenge.csproj", "{1CC8012B-7C2A-4675-9DC8-7014278A277C}"
EndProject
Project("{FAE04EC0-301F-11D3-BF4B-00C04F79EFBC}") = "dotnet-code-challenge.Domain", "dotnet-code-challenge.Domain\dotnet-code-challenge.Domain.csproj", "{654C9842-EFDD-4194-81B4-A7DD6038DD7A}"
EndProject
Project("{FAE04EC0-301F-11D3-BF4B-00C04F79EFBC}") = "dotnet-code-challenge.UnitTests", "dotnet-code-challenge.UnitTests\dotnet-code-challenge.UnitTests.csproj", "{FFEB5795-1B2D-4F23-97DC-0C204D6D3BB3}"
EndProject
Project("{FAE04EC0-301F-11D3-BF4B-00C04F79EFBC}") = "dotnet-code-challenge.Services", "dotnet-code-challenge.Services\dotnet-code-challenge.Services.csproj", "{0E84CC93-F3AF-47FE-B3DC-223F40EF8065}"
EndProject
Project("{FAE04EC0-301F-11D3-BF4B-00C04F79EFBC}") = "dotnet-code-challenge.Infrastructure", "dotnet-code-challenge.Infrastructure\dotnet-code-challenge.Infrastructure.csproj", "{73764134-D9B7-4163-B701-67617A360D84}"
EndProject
Global
	GlobalSection(SolutionConfigurationPlatforms) = preSolution
		Debug|Any CPU = Debug|Any CPU
		Debug|x64 = Debug|x64
		Debug|x86 = Debug|x86
		Release|Any CPU = Release|Any CPU
		Release|x64 = Release|x64
		Release|x86 = Release|x86
	EndGlobalSection
	GlobalSection(SolutionProperties) = preSolution
		HideSolutionNode = FALSE
	EndGlobalSection
	GlobalSection(ProjectConfigurationPlatforms) = postSolution
		{1CC8012B-7C2A-4675-9DC8-7014278A277C}.Debug|Any CPU.ActiveCfg = Debug|Any CPU
		{1CC8012B-7C2A-4675-9DC8-7014278A277C}.Debug|Any CPU.Build.0 = Debug|Any CPU
		{1CC8012B-7C2A-4675-9DC8-7014278A277C}.Debug|x64.ActiveCfg = Debug|Any CPU
		{1CC8012B-7C2A-4675-9DC8-7014278A277C}.Debug|x64.Build.0 = Debug|Any CPU
		{1CC8012B-7C2A-4675-9DC8-7014278A277C}.Debug|x86.ActiveCfg = Debug|Any CPU
		{1CC8012B-7C2A-4675-9DC8-7014278A277C}.Debug|x86.Build.0 = Debug|Any CPU
		{1CC8012B-7C2A-4675-9DC8-7014278A277C}.Release|Any CPU.ActiveCfg = Release|Any CPU
		{1CC8012B-7C2A-4675-9DC8-7014278A277C}.Release|Any CPU.Build.0 = Release|Any CPU
		{1CC8012B-7C2A-4675-9DC8-7014278A277C}.Release|x64.ActiveCfg = Release|Any CPU
		{1CC8012B-7C2A-4675-9DC8-7014278A277C}.Release|x64.Build.0 = Release|Any CPU
		{1CC8012B-7C2A-4675-9DC8-7014278A277C}.Release|x86.ActiveCfg = Release|Any CPU
		{1CC8012B-7C2A-4675-9DC8-7014278A277C}.Release|x86.Build.0 = Release|Any CPU
		{654C9842-EFDD-4194-81B4-A7DD6038DD7A}.Debug|Any CPU.ActiveCfg = Debug|Any CPU
		{654C9842-EFDD-4194-81B4-A7DD6038DD7A}.Debug|Any CPU.Build.0 = Debug|Any CPU
		{654C9842-EFDD-4194-81B4-A7DD6038DD7A}.Debug|x64.ActiveCfg = Debug|Any CPU
		{654C9842-EFDD-4194-81B4-A7DD6038DD7A}.Debug|x64.Build.0 = Debug|Any CPU
		{654C9842-EFDD-4194-81B4-A7DD6038DD7A}.Debug|x86.ActiveCfg = Debug|Any CPU
		{654C9842-EFDD-4194-81B4-A7DD6038DD7A}.Debug|x86.Build.0 = Debug|Any CPU
		{654C9842-EFDD-4194-81B4-A7DD6038DD7A}.Release|Any CPU.ActiveCfg = Release|Any CPU
		{654C9842-EFDD-4194-81B4-A7DD6038DD7A}.Release|Any CPU.Build.0 = Release|Any CPU
		{654C9842-EFDD-4194-81B4-A7DD6038DD7A}.Release|x64.ActiveCfg = Release|Any CPU
		{654C9842-EFDD-4194-81B4-A7DD6038DD7A}.Release|x64.Build.0 = Release|Any CPU
		{654C9842-EFDD-4194-81B4-A7DD6038DD7A}.Release|x86.ActiveCfg = Release|Any CPU
		{654C9842-EFDD-4194-81B4-A7DD6038DD7A}.Release|x86.Build.0 = Release|Any CPU
		{FFEB5795-1B2D-4F23-97DC-0C204D6D3BB3}.Debug|Any CPU.ActiveCfg = Debug|Any CPU
		{FFEB5795-1B2D-4F23-97DC-0C204D6D3BB3}.Debug|Any CPU.Build.0 = Debug|Any CPU
		{FFEB5795-1B2D-4F23-97DC-0C204D6D3BB3}.Debug|x64.ActiveCfg = Debug|Any CPU
		{FFEB5795-1B2D-4F23-97DC-0C204D6D3BB3}.Debug|x64.Build.0 = Debug|Any CPU
		{FFEB5795-1B2D-4F23-97DC-0C204D6D3BB3}.Debug|x86.ActiveCfg = Debug|Any CPU
		{FFEB5795-1B2D-4F23-97DC-0C204D6D3BB3}.Debug|x86.Build.0 = Debug|Any CPU
		{FFEB5795-1B2D-4F23-97DC-0C204D6D3BB3}.Release|Any CPU.ActiveCfg = Release|Any CPU
		{FFEB5795-1B2D-4F23-97DC-0C204D6D3BB3}.Release|Any CPU.Build.0 = Release|Any CPU
		{FFEB5795-1B2D-4F23-97DC-0C204D6D3BB3}.Release|x64.ActiveCfg = Release|Any CPU
		{FFEB5795-1B2D-4F23-97DC-0C204D6D3BB3}.Release|x64.Build.0 = Release|Any CPU
		{FFEB5795-1B2D-4F23-97DC-0C204D6D3BB3}.Release|x86.ActiveCfg = Release|Any CPU
		{FFEB5795-1B2D-4F23-97DC-0C204D6D3BB3}.Release|x86.Build.0 = Release|Any CPU
		{0E84CC93-F3AF-47FE-B3DC-223F40EF8065}.Debug|Any CPU.ActiveCfg = Debug|Any CPU
		{0E84CC93-F3AF-47FE-B3DC-223F40EF8065}.Debug|Any CPU.Build.0 = Debug|Any CPU
		{0E84CC93-F3AF-47FE-B3DC-223F40EF8065}.Debug|x64.ActiveCfg = Debug|Any CPU
		{0E84CC93-F3AF-47FE-B3DC-223F40EF8065}.Debug|x64.Build.0 = Debug|Any CPU
		{0E84CC93-F3AF-47FE-B3DC-223F40EF8065}.Debug|x86.ActiveCfg = Debug|Any CPU
		{0E84CC93-F3AF-47FE-B3DC-223F40EF8065}.Debug|x86.Build.0 = Debug|Any CPU
		{0E84CC93-F3AF-47FE-B3DC-223F40EF8065}.Release|Any CPU.ActiveCfg = Release|Any CPU
		{0E84CC93-F3AF-47FE-B3DC-223F40EF8065}.Release|Any CPU.Build.0 = Release|Any CPU
		{0E84CC93-F3AF-47FE-B3DC-223F40EF8065}.Release|x64.ActiveCfg = Release|Any CPU
		{0E84CC93-F3AF-47FE-B3DC-223F40EF8065}.Release|x64.Build.0 = Release|Any CPU
		{0E84CC93-F3AF-47FE-B3DC-223F40EF8065}.Release|x86.ActiveCfg = Release|Any CPU
		{0E84CC93-F3AF-47FE-B3DC-223F40EF8065}.Release|x86.Build.0 = Release|Any CPU
		{73764134-D9B7-4163-B701-67617A360D84}.Debug|Any CPU.ActiveCfg = Debug|Any CPU
		{73764134-D9B7-4163-B701-67617A360D84}.Debug|Any CPU.Build.0 = Debug|Any CPU
		{73764134-D9B7-4163-B701-67617A360D84}.Debug|x64.ActiveCfg = Debug|Any CPU
		{73764134-D9B7-4163-B701-67617A360D84}.Debug|x64.Build.0 = Debug|Any CPU
		{73764134-D9B7-4163-B701-67617A360D84}.Debug|x86.ActiveCfg = Debug|Any CPU
		{73764134-D9B7-4163-B701-67617A360D84}.Debug|x86.Build.0 = Debug|Any CPU
		{73764134-D9B7-4163-B701-67617A360D84}.Release|Any CPU.ActiveCfg = Release|Any CPU
		{73764134-D9B7-4163-B701-67617A360D84}.Release|Any CPU.Build.0 = Release|Any CPU
		{73764134-D9B7-4163-B701-67617A360D84}.Release|x64.ActiveCfg = Release|Any CPU
		{73764134-D9B7-4163-B701-67617A360D84}.Release|x64.Build.0 = Release|Any CPU
		{73764134-D9B7-4163-B701-67617A360D84}.Release|x86.ActiveCfg = Release|Any CPU
		{73764134-D9B7-4163-B701-67617A360D84}.Release|x86.Build.0 = Release|Any CPU
	EndGlobalSection
EndGlobal
